// !$*UTF8*$!
{
	archiveVersion = 1;
	classes = {
	};
	objectVersion = 56;
	objects = {

/* Begin PBXBuildFile section */
		2B997BC529E413DD006B1CDE /* TwitterSwiftUIKlonApp.swift in Sources */ = {isa = PBXBuildFile; fileRef = 2B997BC429E413DD006B1CDE /* TwitterSwiftUIKlonApp.swift */; };
		2B997BC729E413DD006B1CDE /* ContentView.swift in Sources */ = {isa = PBXBuildFile; fileRef = 2B997BC629E413DD006B1CDE /* ContentView.swift */; };
		2B997BC929E413DE006B1CDE /* Assets.xcassets in Resources */ = {isa = PBXBuildFile; fileRef = 2B997BC829E413DE006B1CDE /* Assets.xcassets */; };
		2B997BCC29E413DE006B1CDE /* Preview Assets.xcassets in Resources */ = {isa = PBXBuildFile; fileRef = 2B997BCB29E413DE006B1CDE /* Preview Assets.xcassets */; };
		2B997BDB29E414A9006B1CDE /* FeedView.swift in Sources */ = {isa = PBXBuildFile; fileRef = 2B997BDA29E414A9006B1CDE /* FeedView.swift */; };
		2B997BDE29E42440006B1CDE /* TweetRowView.swift in Sources */ = {isa = PBXBuildFile; fileRef = 2B997BDD29E42440006B1CDE /* TweetRowView.swift */; };
		2B997BE129E42A4D006B1CDE /* MainTabView.swift in Sources */ = {isa = PBXBuildFile; fileRef = 2B997BE029E42A4D006B1CDE /* MainTabView.swift */; };
		2B997BE729E42BA1006B1CDE /* ExploreView.swift in Sources */ = {isa = PBXBuildFile; fileRef = 2B997BE629E42BA1006B1CDE /* ExploreView.swift */; };
		2B997BE929E42BE4006B1CDE /* NotificationsView.swift in Sources */ = {isa = PBXBuildFile; fileRef = 2B997BE829E42BE4006B1CDE /* NotificationsView.swift */; };
		2B997BEB29E42BEE006B1CDE /* MessagesView.swift in Sources */ = {isa = PBXBuildFile; fileRef = 2B997BEA29E42BEE006B1CDE /* MessagesView.swift */; };
/* End PBXBuildFile section */

/* Begin PBXFileReference section */
		2B997BC129E413DD006B1CDE /* TwitterSwiftUIKlon.app */ = {isa = PBXFileReference; explicitFileType = wrapper.application; includeInIndex = 0; path = TwitterSwiftUIKlon.app; sourceTree = BUILT_PRODUCTS_DIR; };
		2B997BC429E413DD006B1CDE /* TwitterSwiftUIKlonApp.swift */ = {isa = PBXFileReference; lastKnownFileType = sourcecode.swift; path = TwitterSwiftUIKlonApp.swift; sourceTree = "<group>"; };
		2B997BC629E413DD006B1CDE /* ContentView.swift */ = {isa = PBXFileReference; lastKnownFileType = sourcecode.swift; path = ContentView.swift; sourceTree = "<group>"; };
		2B997BC829E413DE006B1CDE /* Assets.xcassets */ = {isa = PBXFileReference; lastKnownFileType = folder.assetcatalog; path = Assets.xcassets; sourceTree = "<group>"; };
		2B997BCB29E413DE006B1CDE /* Preview Assets.xcassets */ = {isa = PBXFileReference; lastKnownFileType = folder.assetcatalog; path = "Preview Assets.xcassets"; sourceTree = "<group>"; };
		2B997BDA29E414A9006B1CDE /* FeedView.swift */ = {isa = PBXFileReference; lastKnownFileType = sourcecode.swift; path = FeedView.swift; sourceTree = "<group>"; };
		2B997BDD29E42440006B1CDE /* TweetRowView.swift */ = {isa = PBXFileReference; lastKnownFileType = sourcecode.swift; path = TweetRowView.swift; sourceTree = "<group>"; };
		2B997BE029E42A4D006B1CDE /* MainTabView.swift */ = {isa = PBXFileReference; lastKnownFileType = sourcecode.swift; path = MainTabView.swift; sourceTree = "<group>"; };
		2B997BE629E42BA1006B1CDE /* ExploreView.swift */ = {isa = PBXFileReference; lastKnownFileType = sourcecode.swift; path = ExploreView.swift; sourceTree = "<group>"; };
		2B997BE829E42BE4006B1CDE /* NotificationsView.swift */ = {isa = PBXFileReference; lastKnownFileType = sourcecode.swift; path = NotificationsView.swift; sourceTree = "<group>"; };
		2B997BEA29E42BEE006B1CDE /* MessagesView.swift */ = {isa = PBXFileReference; lastKnownFileType = sourcecode.swift; path = MessagesView.swift; sourceTree = "<group>"; };
/* End PBXFileReference section */

/* Begin PBXFrameworksBuildPhase section */
		2B997BBE29E413DD006B1CDE /* Frameworks */ = {
			isa = PBXFrameworksBuildPhase;
			buildActionMask = 2147483647;
			files = (
			);
			runOnlyForDeploymentPostprocessing = 0;
		};
/* End PBXFrameworksBuildPhase section */

/* Begin PBXGroup section */
		2B997BB829E413DD006B1CDE = {
			isa = PBXGroup;
			children = (
				2B997BC329E413DD006B1CDE /* TwitterSwiftUIKlon */,
				2B997BC229E413DD006B1CDE /* Products */,
			);
			sourceTree = "<group>";
		};
		2B997BC229E413DD006B1CDE /* Products */ = {
			isa = PBXGroup;
			children = (
				2B997BC129E413DD006B1CDE /* TwitterSwiftUIKlon.app */,
			);
			name = Products;
			sourceTree = "<group>";
		};
		2B997BC329E413DD006B1CDE /* TwitterSwiftUIKlon */ = {
			isa = PBXGroup;
			children = (
				2B997BD529E41410006B1CDE /* Extensions */,
				2B997BD429E4140D006B1CDE /* Model */,
				2B997BD329E4140B006B1CDE /* Services */,
				2B997BD229E41408006B1CDE /* Core */,
				2B997BC429E413DD006B1CDE /* TwitterSwiftUIKlonApp.swift */,
				2B997BC629E413DD006B1CDE /* ContentView.swift */,
				2B997BC829E413DE006B1CDE /* Assets.xcassets */,
				2B997BCA29E413DE006B1CDE /* Preview Content */,
			);
			path = TwitterSwiftUIKlon;
			sourceTree = "<group>";
		};
		2B997BCA29E413DE006B1CDE /* Preview Content */ = {
			isa = PBXGroup;
			children = (
				2B997BCB29E413DE006B1CDE /* Preview Assets.xcassets */,
			);
			path = "Preview Content";
			sourceTree = "<group>";
		};
		2B997BD229E41408006B1CDE /* Core */ = {
			isa = PBXGroup;
			children = (
				2B997BD629E41443006B1CDE /* Components */,
				2B997BE529E42B7C006B1CDE /* Profile */,
				2B997BE429E42B51006B1CDE /* Explore */,
				2B997BE329E42B4F006B1CDE /* Notifications */,
				2B997BE229E42B4C006B1CDE /* Messages */,
				2B997BDF29E42A34006B1CDE /* MainTab */,
				2B997BD729E4144E006B1CDE /* Feed */,
			);
			path = Core;
			sourceTree = "<group>";
		};
		2B997BD329E4140B006B1CDE /* Services */ = {
			isa = PBXGroup;
			children = (
			);
			path = Services;
			sourceTree = "<group>";
		};
		2B997BD429E4140D006B1CDE /* Model */ = {
			isa = PBXGroup;
			children = (
			);
			path = Model;
			sourceTree = "<group>";
		};
		2B997BD529E41410006B1CDE /* Extensions */ = {
			isa = PBXGroup;
			children = (
			);
			path = Extensions;
			sourceTree = "<group>";
		};
		2B997BD629E41443006B1CDE /* Components */ = {
			isa = PBXGroup;
			children = (
				2B997BDC29E4242A006B1CDE /* Tweets */,
			);
			path = Components;
			sourceTree = "<group>";
		};
		2B997BD729E4144E006B1CDE /* Feed */ = {
			isa = PBXGroup;
			children = (
				2B997BD929E41483006B1CDE /* ViewModels */,
				2B997BD829E41480006B1CDE /* View */,
			);
			path = Feed;
			sourceTree = "<group>";
		};
		2B997BD829E41480006B1CDE /* View */ = {
			isa = PBXGroup;
			children = (
				2B997BDA29E414A9006B1CDE /* FeedView.swift */,
			);
			path = View;
			sourceTree = "<group>";
		};
		2B997BD929E41483006B1CDE /* ViewModels */ = {
			isa = PBXGroup;
			children = (
			);
			path = ViewModels;
			sourceTree = "<group>";
		};
		2B997BDC29E4242A006B1CDE /* Tweets */ = {
			isa = PBXGroup;
			children = (
				2B997BDD29E42440006B1CDE /* TweetRowView.swift */,
			);
			path = Tweets;
			sourceTree = "<group>";
		};
		2B997BDF29E42A34006B1CDE /* MainTab */ = {
			isa = PBXGroup;
			children = (
				2B997BE029E42A4D006B1CDE /* MainTabView.swift */,
			);
			path = MainTab;
			sourceTree = "<group>";
		};
		2B997BE229E42B4C006B1CDE /* Messages */ = {
			isa = PBXGroup;
			children = (
				2B997BEA29E42BEE006B1CDE /* MessagesView.swift */,
			);
			path = Messages;
			sourceTree = "<group>";
		};
		2B997BE329E42B4F006B1CDE /* Notifications */ = {
			isa = PBXGroup;
			children = (
				2B997BE829E42BE4006B1CDE /* NotificationsView.swift */,
			);
			path = Notifications;
			sourceTree = "<group>";
		};
		2B997BE429E42B51006B1CDE /* Explore */ = {
			isa = PBXGroup;
			children = (
				2B997BE629E42BA1006B1CDE /* ExploreView.swift */,
			);
			path = Explore;
			sourceTree = "<group>";
		};
		2B997BE529E42B7C006B1CDE /* Profile */ = {
			isa = PBXGroup;
			children = (
			);
			path = Profile;
			sourceTree = "<group>";
		};
/* End PBXGroup section */

/* Begin PBXNativeTarget section */
		2B997BC029E413DD006B1CDE /* TwitterSwiftUIKlon */ = {
			isa = PBXNativeTarget;
			buildConfigurationList = 2B997BCF29E413DE006B1CDE /* Build configuration list for PBXNativeTarget "TwitterSwiftUIKlon" */;
			buildPhases = (
				2B997BBD29E413DD006B1CDE /* Sources */,
				2B997BBE29E413DD006B1CDE /* Frameworks */,
				2B997BBF29E413DD006B1CDE /* Resources */,
			);
			buildRules = (
			);
			dependencies = (
			);
			name = TwitterSwiftUIKlon;
			productName = TwitterSwiftUIKlon;
			productReference = 2B997BC129E413DD006B1CDE /* TwitterSwiftUIKlon.app */;
			productType = "com.apple.product-type.application";
		};
/* End PBXNativeTarget section */

/* Begin PBXProject section */
		2B997BB929E413DD006B1CDE /* Project object */ = {
			isa = PBXProject;
			attributes = {
				BuildIndependentTargetsInParallel = 1;
				LastSwiftUpdateCheck = 1420;
				LastUpgradeCheck = 1420;
				TargetAttributes = {
					2B997BC029E413DD006B1CDE = {
						CreatedOnToolsVersion = 14.2;
					};
				};
			};
			buildConfigurationList = 2B997BBC29E413DD006B1CDE /* Build configuration list for PBXProject "TwitterSwiftUIKlon" */;
			compatibilityVersion = "Xcode 14.0";
			developmentRegion = en;
			hasScannedForEncodings = 0;
			knownRegions = (
				en,
				Base,
			);
			mainGroup = 2B997BB829E413DD006B1CDE;
			productRefGroup = 2B997BC229E413DD006B1CDE /* Products */;
			projectDirPath = "";
			projectRoot = "";
			targets = (
				2B997BC029E413DD006B1CDE /* TwitterSwiftUIKlon */,
			);
		};
/* End PBXProject section */

/* Begin PBXResourcesBuildPhase section */
		2B997BBF29E413DD006B1CDE /* Resources */ = {
			isa = PBXResourcesBuildPhase;
			buildActionMask = 2147483647;
			files = (
				2B997BCC29E413DE006B1CDE /* Preview Assets.xcassets in Resources */,
				2B997BC929E413DE006B1CDE /* Assets.xcassets in Resources */,
			);
			runOnlyForDeploymentPostprocessing = 0;
		};
/* End PBXResourcesBuildPhase section */

/* Begin PBXSourcesBuildPhase section */
		2B997BBD29E413DD006B1CDE /* Sources */ = {
			isa = PBXSourcesBuildPhase;
			buildActionMask = 2147483647;
			files = (
				2B997BEB29E42BEE006B1CDE /* MessagesView.swift in Sources */,
				2B997BC729E413DD006B1CDE /* ContentView.swift in Sources */,
				2B997BDE29E42440006B1CDE /* TweetRowView.swift in Sources */,
				2B997BDB29E414A9006B1CDE /* FeedView.swift in Sources */,
				2B997BC529E413DD006B1CDE /* TwitterSwiftUIKlonApp.swift in Sources */,
				2B997BE729E42BA1006B1CDE /* ExploreView.swift in Sources */,
				2B997BE129E42A4D006B1CDE /* MainTabView.swift in Sources */,
				2B997BE929E42BE4006B1CDE /* NotificationsView.swift in Sources */,
			);
			runOnlyForDeploymentPostprocessing = 0;
		};
/* End PBXSourcesBuildPhase section */

/* Begin XCBuildConfiguration section */
		2B997BCD29E413DE006B1CDE /* Debug */ = {
			isa = XCBuildConfiguration;
			buildSettings = {
				ALWAYS_SEARCH_USER_PATHS = NO;
				CLANG_ANALYZER_NONNULL = YES;
				CLANG_ANALYZER_NUMBER_OBJECT_CONVERSION = YES_AGGRESSIVE;
				CLANG_CXX_LANGUAGE_STANDARD = "gnu++20";
				CLANG_ENABLE_MODULES = YES;
				CLANG_ENABLE_OBJC_ARC = YES;
				CLANG_ENABLE_OBJC_WEAK = YES;
				CLANG_WARN_BLOCK_CAPTURE_AUTORELEASING = YES;
				CLANG_WARN_BOOL_CONVERSION = YES;
				CLANG_WARN_COMMA = YES;
				CLANG_WARN_CONSTANT_CONVERSION = YES;
				CLANG_WARN_DEPRECATED_OBJC_IMPLEMENTATIONS = YES;
				CLANG_WARN_DIRECT_OBJC_ISA_USAGE = YES_ERROR;
				CLANG_WARN_DOCUMENTATION_COMMENTS = YES;
				CLANG_WARN_EMPTY_BODY = YES;
				CLANG_WARN_ENUM_CONVERSION = YES;
				CLANG_WARN_INFINITE_RECURSION = YES;
				CLANG_WARN_INT_CONVERSION = YES;
				CLANG_WARN_NON_LITERAL_NULL_CONVERSION = YES;
				CLANG_WARN_OBJC_IMPLICIT_RETAIN_SELF = YES;
				CLANG_WARN_OBJC_LITERAL_CONVERSION = YES;
				CLANG_WARN_OBJC_ROOT_CLASS = YES_ERROR;
				CLANG_WARN_QUOTED_INCLUDE_IN_FRAMEWORK_HEADER = YES;
				CLANG_WARN_RANGE_LOOP_ANALYSIS = YES;
				CLANG_WARN_STRICT_PROTOTYPES = YES;
				CLANG_WARN_SUSPICIOUS_MOVE = YES;
				CLANG_WARN_UNGUARDED_AVAILABILITY = YES_AGGRESSIVE;
				CLANG_WARN_UNREACHABLE_CODE = YES;
				CLANG_WARN__DUPLICATE_METHOD_MATCH = YES;
				COPY_PHASE_STRIP = NO;
				DEBUG_INFORMATION_FORMAT = dwarf;
				ENABLE_STRICT_OBJC_MSGSEND = YES;
				ENABLE_TESTABILITY = YES;
				GCC_C_LANGUAGE_STANDARD = gnu11;
				GCC_DYNAMIC_NO_PIC = NO;
				GCC_NO_COMMON_BLOCKS = YES;
				GCC_OPTIMIZATION_LEVEL = 0;
				GCC_PREPROCESSOR_DEFINITIONS = (
					"DEBUG=1",
					"$(inherited)",
				);
				GCC_WARN_64_TO_32_BIT_CONVERSION = YES;
				GCC_WARN_ABOUT_RETURN_TYPE = YES_ERROR;
				GCC_WARN_UNDECLARED_SELECTOR = YES;
				GCC_WARN_UNINITIALIZED_AUTOS = YES_AGGRESSIVE;
				GCC_WARN_UNUSED_FUNCTION = YES;
				GCC_WARN_UNUSED_VARIABLE = YES;
				IPHONEOS_DEPLOYMENT_TARGET = 16.2;
				MTL_ENABLE_DEBUG_INFO = INCLUDE_SOURCE;
				MTL_FAST_MATH = YES;
				ONLY_ACTIVE_ARCH = YES;
				SDKROOT = iphoneos;
				SWIFT_ACTIVE_COMPILATION_CONDITIONS = DEBUG;
				SWIFT_OPTIMIZATION_LEVEL = "-Onone";
			};
			name = Debug;
		};
		2B997BCE29E413DE006B1CDE /* Release */ = {
			isa = XCBuildConfiguration;
			buildSettings = {
				ALWAYS_SEARCH_USER_PATHS = NO;
				CLANG_ANALYZER_NONNULL = YES;
				CLANG_ANALYZER_NUMBER_OBJECT_CONVERSION = YES_AGGRESSIVE;
				CLANG_CXX_LANGUAGE_STANDARD = "gnu++20";
				CLANG_ENABLE_MODULES = YES;
				CLANG_ENABLE_OBJC_ARC = YES;
				CLANG_ENABLE_OBJC_WEAK = YES;
				CLANG_WARN_BLOCK_CAPTURE_AUTORELEASING = YES;
				CLANG_WARN_BOOL_CONVERSION = YES;
				CLANG_WARN_COMMA = YES;
				CLANG_WARN_CONSTANT_CONVERSION = YES;
				CLANG_WARN_DEPRECATED_OBJC_IMPLEMENTATIONS = YES;
				CLANG_WARN_DIRECT_OBJC_ISA_USAGE = YES_ERROR;
				CLANG_WARN_DOCUMENTATION_COMMENTS = YES;
				CLANG_WARN_EMPTY_BODY = YES;
				CLANG_WARN_ENUM_CONVERSION = YES;
				CLANG_WARN_INFINITE_RECURSION = YES;
				CLANG_WARN_INT_CONVERSION = YES;
				CLANG_WARN_NON_LITERAL_NULL_CONVERSION = YES;
				CLANG_WARN_OBJC_IMPLICIT_RETAIN_SELF = YES;
				CLANG_WARN_OBJC_LITERAL_CONVERSION = YES;
				CLANG_WARN_OBJC_ROOT_CLASS = YES_ERROR;
				CLANG_WARN_QUOTED_INCLUDE_IN_FRAMEWORK_HEADER = YES;
				CLANG_WARN_RANGE_LOOP_ANALYSIS = YES;
				CLANG_WARN_STRICT_PROTOTYPES = YES;
				CLANG_WARN_SUSPICIOUS_MOVE = YES;
				CLANG_WARN_UNGUARDED_AVAILABILITY = YES_AGGRESSIVE;
				CLANG_WARN_UNREACHABLE_CODE = YES;
				CLANG_WARN__DUPLICATE_METHOD_MATCH = YES;
				COPY_PHASE_STRIP = NO;
				DEBUG_INFORMATION_FORMAT = "dwarf-with-dsym";
				ENABLE_NS_ASSERTIONS = NO;
				ENABLE_STRICT_OBJC_MSGSEND = YES;
				GCC_C_LANGUAGE_STANDARD = gnu11;
				GCC_NO_COMMON_BLOCKS = YES;
				GCC_WARN_64_TO_32_BIT_CONVERSION = YES;
				GCC_WARN_ABOUT_RETURN_TYPE = YES_ERROR;
				GCC_WARN_UNDECLARED_SELECTOR = YES;
				GCC_WARN_UNINITIALIZED_AUTOS = YES_AGGRESSIVE;
				GCC_WARN_UNUSED_FUNCTION = YES;
				GCC_WARN_UNUSED_VARIABLE = YES;
				IPHONEOS_DEPLOYMENT_TARGET = 16.2;
				MTL_ENABLE_DEBUG_INFO = NO;
				MTL_FAST_MATH = YES;
				SDKROOT = iphoneos;
				SWIFT_COMPILATION_MODE = wholemodule;
				SWIFT_OPTIMIZATION_LEVEL = "-O";
				VALIDATE_PRODUCT = YES;
			};
			name = Release;
		};
		2B997BD029E413DE006B1CDE /* Debug */ = {
			isa = XCBuildConfiguration;
			buildSettings = {
				ASSETCATALOG_COMPILER_APPICON_NAME = AppIcon;
				ASSETCATALOG_COMPILER_GLOBAL_ACCENT_COLOR_NAME = AccentColor;
				CODE_SIGN_STYLE = Automatic;
				CURRENT_PROJECT_VERSION = 1;
				DEVELOPMENT_ASSET_PATHS = "\"TwitterSwiftUIKlon/Preview Content\"";
				ENABLE_PREVIEWS = YES;
				GENERATE_INFOPLIST_FILE = YES;
				INFOPLIST_KEY_UIApplicationSceneManifest_Generation = YES;
				INFOPLIST_KEY_UIApplicationSupportsIndirectInputEvents = YES;
				INFOPLIST_KEY_UILaunchScreen_Generation = YES;
				INFOPLIST_KEY_UISupportedInterfaceOrientations_iPad = "UIInterfaceOrientationPortrait UIInterfaceOrientationPortraitUpsideDown UIInterfaceOrientationLandscapeLeft UIInterfaceOrientationLandscapeRight";
				INFOPLIST_KEY_UISupportedInterfaceOrientations_iPhone = "UIInterfaceOrientationPortrait UIInterfaceOrientationLandscapeLeft UIInterfaceOrientationLandscapeRight";
				LD_RUNPATH_SEARCH_PATHS = (
					"$(inherited)",
					"@executable_path/Frameworks",
				);
				MARKETING_VERSION = 1.0;
				PRODUCT_BUNDLE_IDENTIFIER = com.levent.TwitterSwiftUIKlon;
				PRODUCT_NAME = "$(TARGET_NAME)";
				SWIFT_EMIT_LOC_STRINGS = YES;
				SWIFT_VERSION = 5.0;
				TARGETED_DEVICE_FAMILY = "1,2";
			};
			name = Debug;
		};
		2B997BD129E413DE006B1CDE /* Release */ = {
			isa = XCBuildConfiguration;
			buildSettings = {
				ASSETCATALOG_COMPILER_APPICON_NAME = AppIcon;
				ASSETCATALOG_COMPILER_GLOBAL_ACCENT_COLOR_NAME = AccentColor;
				CODE_SIGN_STYLE = Automatic;
				CURRENT_PROJECT_VERSION = 1;
				DEVELOPMENT_ASSET_PATHS = "\"TwitterSwiftUIKlon/Preview Content\"";
				ENABLE_PREVIEWS = YES;
				GENERATE_INFOPLIST_FILE = YES;
				INFOPLIST_KEY_UIApplicationSceneManifest_Generation = YES;
				INFOPLIST_KEY_UIApplicationSupportsIndirectInputEvents = YES;
				INFOPLIST_KEY_UILaunchScreen_Generation = YES;
				INFOPLIST_KEY_UISupportedInterfaceOrientations_iPad = "UIInterfaceOrientationPortrait UIInterfaceOrientationPortraitUpsideDown UIInterfaceOrientationLandscapeLeft UIInterfaceOrientationLandscapeRight";
				INFOPLIST_KEY_UISupportedInterfaceOrientations_iPhone = "UIInterfaceOrientationPortrait UIInterfaceOrientationLandscapeLeft UIInterfaceOrientationLandscapeRight";
				LD_RUNPATH_SEARCH_PATHS = (
					"$(inherited)",
					"@executable_path/Frameworks",
				);
				MARKETING_VERSION = 1.0;
				PRODUCT_BUNDLE_IDENTIFIER = com.levent.TwitterSwiftUIKlon;
				PRODUCT_NAME = "$(TARGET_NAME)";
				SWIFT_EMIT_LOC_STRINGS = YES;
				SWIFT_VERSION = 5.0;
				TARGETED_DEVICE_FAMILY = "1,2";
			};
			name = Release;
		};
/* End XCBuildConfiguration section */

/* Begin XCConfigurationList section */
		2B997BBC29E413DD006B1CDE /* Build configuration list for PBXProject "TwitterSwiftUIKlon" */ = {
			isa = XCConfigurationList;
			buildConfigurations = (
				2B997BCD29E413DE006B1CDE /* Debug */,
				2B997BCE29E413DE006B1CDE /* Release */,
			);
			defaultConfigurationIsVisible = 0;
			defaultConfigurationName = Release;
		};
		2B997BCF29E413DE006B1CDE /* Build configuration list for PBXNativeTarget "TwitterSwiftUIKlon" */ = {
			isa = XCConfigurationList;
			buildConfigurations = (
				2B997BD029E413DE006B1CDE /* Debug */,
				2B997BD129E413DE006B1CDE /* Release */,
			);
			defaultConfigurationIsVisible = 0;
			defaultConfigurationName = Release;
		};
/* End XCConfigurationList section */
	};
	rootObject = 2B997BB929E413DD006B1CDE /* Project object */;
}
